
Microsoft Visual Studio Solution File, Format Version 12.00
# Visual Studio Version 16
VisualStudioVersion = 16.0.31613.86
MinimumVisualStudioVersion = 10.0.40219.1
Project("{FAE04EC0-301F-11D3-BF4B-00C04F79EFBC}") = "SistemaGestionGanado", "SistemaGestionGanado.csproj", "{DAC029B6-6875-4B33-B905-FAEEA6E6FCDF}"
EndProject
Global
	GlobalSection(SolutionConfigurationPlatforms) = preSolution
		Debug|Any CPU = Debug|Any CPU
		Release|Any CPU = Release|Any CPU
	EndGlobalSection
	GlobalSection(ProjectConfigurationPlatforms) = postSolution
		{DAC029B6-6875-4B33-B905-FAEEA6E6FCDF}.Debug|Any CPU.ActiveCfg = Debug|Any CPU
		{DAC029B6-6875-4B33-B905-FAEEA6E6FCDF}.Debug|Any CPU.Build.0 = Debug|Any CPU
		{DAC029B6-6875-4B33-B905-FAEEA6E6FCDF}.Release|Any CPU.ActiveCfg = Release|Any CPU
		{DAC029B6-6875-4B33-B905-FAEEA6E6FCDF}.Release|Any CPU.Build.0 = Release|Any CPU
	EndGlobalSection
	GlobalSection(SolutionProperties) = preSolution
		HideSolutionNode = FALSE
	EndGlobalSection
	GlobalSection(ExtensibilityGlobals) = postSolution
		SolutionGuid = {24FD3B1A-B0F9-4BFD-B80D-9BC980886992}
	EndGlobalSection
EndGlobal
